
Microsoft Visual Studio Solution File, Format Version 12.00
# Visual Studio Version 17
VisualStudioVersion = 17.14.36414.22
MinimumVisualStudioVersion = 10.0.40219.1
Project("{8BC9CEB8-8B4A-11D0-8D11-00A0C91BC942}") = "Editor_Window", "Editor_Window\Editor_Window.vcxproj", "{FCA0FDE3-C0F1-435C-B54B-358E08F98905}"
EndProject
Project("{8BC9CEB8-8B4A-11D0-8D11-00A0C91BC942}") = "waEngine_SOURCE", "waEngine_SOURCE\waEngine_SOURCE.vcxitems", "{D825C8BB-1C44-45E5-AB68-152C89143D28}"
EndProject
Project("{8BC9CEB8-8B4A-11D0-8D11-00A0C91BC942}") = "waEngine_Window", "waEngine_Window\waEngine_Window.vcxproj", "{BBC9CA7B-1D6D-4674-95CD-569F45129153}"
EndProject
Global
	GlobalSection(SolutionConfigurationPlatforms) = preSolution
		Debug|x64 = Debug|x64
		Debug|x86 = Debug|x86
		Release|x64 = Release|x64
		Release|x86 = Release|x86
	EndGlobalSection
	GlobalSection(ProjectConfigurationPlatforms) = postSolution
		{FCA0FDE3-C0F1-435C-B54B-358E08F98905}.Debug|x64.ActiveCfg = Debug|x64
		{FCA0FDE3-C0F1-435C-B54B-358E08F98905}.Debug|x64.Build.0 = Debug|x64
		{FCA0FDE3-C0F1-435C-B54B-358E08F98905}.Debug|x86.ActiveCfg = Debug|Win32
		{FCA0FDE3-C0F1-435C-B54B-358E08F98905}.Debug|x86.Build.0 = Debug|Win32
		{FCA0FDE3-C0F1-435C-B54B-358E08F98905}.Release|x64.ActiveCfg = Release|x64
		{FCA0FDE3-C0F1-435C-B54B-358E08F98905}.Release|x64.Build.0 = Release|x64
		{FCA0FDE3-C0F1-435C-B54B-358E08F98905}.Release|x86.ActiveCfg = Release|Win32
		{FCA0FDE3-C0F1-435C-B54B-358E08F98905}.Release|x86.Build.0 = Release|Win32
		{BBC9CA7B-1D6D-4674-95CD-569F45129153}.Debug|x64.ActiveCfg = Debug|x64
		{BBC9CA7B-1D6D-4674-95CD-569F45129153}.Debug|x64.Build.0 = Debug|x64
		{BBC9CA7B-1D6D-4674-95CD-569F45129153}.Debug|x86.ActiveCfg = Debug|Win32
		{BBC9CA7B-1D6D-4674-95CD-569F45129153}.Debug|x86.Build.0 = Debug|Win32
		{BBC9CA7B-1D6D-4674-95CD-569F45129153}.Release|x64.ActiveCfg = Release|x64
		{BBC9CA7B-1D6D-4674-95CD-569F45129153}.Release|x64.Build.0 = Release|x64
		{BBC9CA7B-1D6D-4674-95CD-569F45129153}.Release|x86.ActiveCfg = Release|Win32
		{BBC9CA7B-1D6D-4674-95CD-569F45129153}.Release|x86.Build.0 = Release|Win32
	EndGlobalSection
	GlobalSection(SolutionProperties) = preSolution
		HideSolutionNode = FALSE
	EndGlobalSection
	GlobalSection(ExtensibilityGlobals) = postSolution
		SolutionGuid = {7884E10D-62F0-407C-BC81-8FA4BA183C7D}
	EndGlobalSection
	GlobalSection(SharedMSBuildProjectFiles) = preSolution
		waEngine_SOURCE\waEngine_SOURCE.vcxitems*{bbc9ca7b-1d6d-4674-95cd-569f45129153}*SharedItemsImports = 4
		waEngine_SOURCE\waEngine_SOURCE.vcxitems*{d825c8bb-1c44-45e5-ab68-152c89143d28}*SharedItemsImports = 9
		waEngine_SOURCE\waEngine_SOURCE.vcxitems*{fca0fde3-c0f1-435c-b54b-358e08f98905}*SharedItemsImports = 4
	EndGlobalSection
EndGlobal
