<?xml version="1.0" encoding="utf-8"?>
<Project ToolsVersion="4.0" xmlns="http://schemas.microsoft.com/developer/msbuild/2003">
  <ItemGroup>
    <Filter Include="Scenes">
      <UniqueIdentifier>{688ce21e-549c-42e3-8b91-59f6332b17c0}</UniqueIdentifier>
    </Filter>
    <Filter Include="Contents">
      <UniqueIdentifier>{3689ffe5-55a4-4c28-ad8c-82337e4afb6b}</UniqueIdentifier>
    </Filter>
  </ItemGroup>
  <ItemGroup>
    <ClInclude Include="waLoadScenes.h">
      <Filter>Scenes</Filter>
    </ClInclude>
    <ClInclude Include="waEndScene.h">
      <Filter>Scenes</Filter>
    </ClInclude>
    <ClInclude Include="waPlayScene.h">
      <Filter>Scenes</Filter>
    </ClInclude>
    <ClInclude Include="waPlayer.h">
      <Filter>Contents</Filter>
    </ClInclude>
    <ClInclude Include="waTitleScene.h">
      <Filter>Scenes</Filter>
    </ClInclude>
  </ItemGroup>
  <ItemGroup>
    <ClCompile Include="waEndScene.cpp">
      <Filter>Scenes</Filter>
    </ClCompile>
    <ClCompile Include="waPlayScene.cpp">
      <Filter>Scenes</Filter>
    </ClCompile>
    <ClCompile Include="waPlayer.cpp">
      <Filter>Contents</Filter>
    </ClCompile>
    <ClCompile Include="waTitleScene.cpp">
      <Filter>Scenes</Filter>
    </ClCompile>
  </ItemGroup>
</Project>